
Microsoft Visual Studio Solution File, Format Version 12.00
# Visual Studio Version 17
VisualStudioVersion = 17.2.32616.157
MinimumVisualStudioVersion = 10.0.40219.1
Project("{9A19103F-16F7-4668-BE54-9A1E7A4F7556}") = "ProductApplication.API", "ProductApplication.API\ProductApplication.API.csproj", "{20726B52-4DCA-4480-B724-2BA5F747DCA0}"
EndProject
Global
	GlobalSection(SolutionConfigurationPlatforms) = preSolution
		Debug|Any CPU = Debug|Any CPU
		Release|Any CPU = Release|Any CPU
	EndGlobalSection
	GlobalSection(ProjectConfigurationPlatforms) = postSolution
		{20726B52-4DCA-4480-B724-2BA5F747DCA0}.Debug|Any CPU.ActiveCfg = Debug|Any CPU
		{20726B52-4DCA-4480-B724-2BA5F747DCA0}.Debug|Any CPU.Build.0 = Debug|Any CPU
		{20726B52-4DCA-4480-B724-2BA5F747DCA0}.Release|Any CPU.ActiveCfg = Release|Any CPU
		{20726B52-4DCA-4480-B724-2BA5F747DCA0}.Release|Any CPU.Build.0 = Release|Any CPU
	EndGlobalSection
	GlobalSection(SolutionProperties) = preSolution
		HideSolutionNode = FALSE
	EndGlobalSection
	GlobalSection(ExtensibilityGlobals) = postSolution
		SolutionGuid = {73AEDB12-5F14-4F54-B5B0-B7AF9B2C68F1}
	EndGlobalSection
EndGlobal
