
Microsoft Visual Studio Solution File, Format Version 12.00
# Visual Studio Version 17
VisualStudioVersion = 17.2.32519.379
MinimumVisualStudioVersion = 10.0.40219.1
Project("{9A19103F-16F7-4668-BE54-9A1E7A4F7556}") = "TaskManagement2022", "TaskManagement2022\TaskManagement2022.csproj", "{2E0F5983-81A6-4E03-A866-37DF8D18B893}"
EndProject
Project("{9A19103F-16F7-4668-BE54-9A1E7A4F7556}") = "Library.TaskManagement", "Library.TaskManagement\Library.TaskManagement.csproj", "{1C958EA1-8FB4-4A2C-94FF-BC82B6326CCB}"
EndProject
Project("{9A19103F-16F7-4668-BE54-9A1E7A4F7556}") = "Library.Standard.Product", "Library.Standard.Product\Library.Standard.Product.csproj", "{D98794E5-22ED-4532-A48A-BB98CA3117CF}"
EndProject
Project("{FAE04EC0-301F-11D3-BF4B-00C04F79EFBC}") = "ProductUWP", "ProductUWP\ProductUWP.csproj", "{DE8F27FB-CD77-4AD0-B555-55C9429AC891}"
EndProject
Global
	GlobalSection(SolutionConfigurationPlatforms) = preSolution
		Debug|Any CPU = Debug|Any CPU
		Debug|ARM = Debug|ARM
		Debug|ARM64 = Debug|ARM64
		Debug|x64 = Debug|x64
		Debug|x86 = Debug|x86
		Release|Any CPU = Release|Any CPU
		Release|ARM = Release|ARM
		Release|ARM64 = Release|ARM64
		Release|x64 = Release|x64
		Release|x86 = Release|x86
	EndGlobalSection
	GlobalSection(ProjectConfigurationPlatforms) = postSolution
		{2E0F5983-81A6-4E03-A866-37DF8D18B893}.Debug|Any CPU.ActiveCfg = Debug|Any CPU
		{2E0F5983-81A6-4E03-A866-37DF8D18B893}.Debug|Any CPU.Build.0 = Debug|Any CPU
		{2E0F5983-81A6-4E03-A866-37DF8D18B893}.Debug|ARM.ActiveCfg = Debug|Any CPU
		{2E0F5983-81A6-4E03-A866-37DF8D18B893}.Debug|ARM.Build.0 = Debug|Any CPU
		{2E0F5983-81A6-4E03-A866-37DF8D18B893}.Debug|ARM64.ActiveCfg = Debug|Any CPU
		{2E0F5983-81A6-4E03-A866-37DF8D18B893}.Debug|ARM64.Build.0 = Debug|Any CPU
		{2E0F5983-81A6-4E03-A866-37DF8D18B893}.Debug|x64.ActiveCfg = Debug|Any CPU
		{2E0F5983-81A6-4E03-A866-37DF8D18B893}.Debug|x64.Build.0 = Debug|Any CPU
		{2E0F5983-81A6-4E03-A866-37DF8D18B893}.Debug|x86.ActiveCfg = Debug|Any CPU
		{2E0F5983-81A6-4E03-A866-37DF8D18B893}.Debug|x86.Build.0 = Debug|Any CPU
		{2E0F5983-81A6-4E03-A866-37DF8D18B893}.Release|Any CPU.ActiveCfg = Release|Any CPU
		{2E0F5983-81A6-4E03-A866-37DF8D18B893}.Release|Any CPU.Build.0 = Release|Any CPU
		{2E0F5983-81A6-4E03-A866-37DF8D18B893}.Release|ARM.ActiveCfg = Release|Any CPU
		{2E0F5983-81A6-4E03-A866-37DF8D18B893}.Release|ARM.Build.0 = Release|Any CPU
		{2E0F5983-81A6-4E03-A866-37DF8D18B893}.Release|ARM64.ActiveCfg = Release|Any CPU
		{2E0F5983-81A6-4E03-A866-37DF8D18B893}.Release|ARM64.Build.0 = Release|Any CPU
		{2E0F5983-81A6-4E03-A866-37DF8D18B893}.Release|x64.ActiveCfg = Release|Any CPU
		{2E0F5983-81A6-4E03-A866-37DF8D18B893}.Release|x64.Build.0 = Release|Any CPU
		{2E0F5983-81A6-4E03-A866-37DF8D18B893}.Release|x86.ActiveCfg = Release|Any CPU
		{2E0F5983-81A6-4E03-A866-37DF8D18B893}.Release|x86.Build.0 = Release|Any CPU
		{1C958EA1-8FB4-4A2C-94FF-BC82B6326CCB}.Debug|Any CPU.ActiveCfg = Debug|Any CPU
		{1C958EA1-8FB4-4A2C-94FF-BC82B6326CCB}.Debug|Any CPU.Build.0 = Debug|Any CPU
		{1C958EA1-8FB4-4A2C-94FF-BC82B6326CCB}.Debug|ARM.ActiveCfg = Debug|Any CPU
		{1C958EA1-8FB4-4A2C-94FF-BC82B6326CCB}.Debug|ARM.Build.0 = Debug|Any CPU
		{1C958EA1-8FB4-4A2C-94FF-BC82B6326CCB}.Debug|ARM64.ActiveCfg = Debug|Any CPU
		{1C958EA1-8FB4-4A2C-94FF-BC82B6326CCB}.Debug|ARM64.Build.0 = Debug|Any CPU
		{1C958EA1-8FB4-4A2C-94FF-BC82B6326CCB}.Debug|x64.ActiveCfg = Debug|Any CPU
		{1C958EA1-8FB4-4A2C-94FF-BC82B6326CCB}.Debug|x64.Build.0 = Debug|Any CPU
		{1C958EA1-8FB4-4A2C-94FF-BC82B6326CCB}.Debug|x86.ActiveCfg = Debug|Any CPU
		{1C958EA1-8FB4-4A2C-94FF-BC82B6326CCB}.Debug|x86.Build.0 = Debug|Any CPU
		{1C958EA1-8FB4-4A2C-94FF-BC82B6326CCB}.Release|Any CPU.ActiveCfg = Release|Any CPU
		{1C958EA1-8FB4-4A2C-94FF-BC82B6326CCB}.Release|Any CPU.Build.0 = Release|Any CPU
		{1C958EA1-8FB4-4A2C-94FF-BC82B6326CCB}.Release|ARM.ActiveCfg = Release|Any CPU
		{1C958EA1-8FB4-4A2C-94FF-BC82B6326CCB}.Release|ARM.Build.0 = Release|Any CPU
		{1C958EA1-8FB4-4A2C-94FF-BC82B6326CCB}.Release|ARM64.ActiveCfg = Release|Any CPU
		{1C958EA1-8FB4-4A2C-94FF-BC82B6326CCB}.Release|ARM64.Build.0 = Release|Any CPU
		{1C958EA1-8FB4-4A2C-94FF-BC82B6326CCB}.Release|x64.ActiveCfg = Release|Any CPU
		{1C958EA1-8FB4-4A2C-94FF-BC82B6326CCB}.Release|x64.Build.0 = Release|Any CPU
		{1C958EA1-8FB4-4A2C-94FF-BC82B6326CCB}.Release|x86.ActiveCfg = Release|Any CPU
		{1C958EA1-8FB4-4A2C-94FF-BC82B6326CCB}.Release|x86.Build.0 = Release|Any CPU
		{D98794E5-22ED-4532-A48A-BB98CA3117CF}.Debug|Any CPU.ActiveCfg = Debug|Any CPU
		{D98794E5-22ED-4532-A48A-BB98CA3117CF}.Debug|Any CPU.Build.0 = Debug|Any CPU
		{D98794E5-22ED-4532-A48A-BB98CA3117CF}.Debug|ARM.ActiveCfg = Debug|Any CPU
		{D98794E5-22ED-4532-A48A-BB98CA3117CF}.Debug|ARM.Build.0 = Debug|Any CPU
		{D98794E5-22ED-4532-A48A-BB98CA3117CF}.Debug|ARM64.ActiveCfg = Debug|Any CPU
		{D98794E5-22ED-4532-A48A-BB98CA3117CF}.Debug|ARM64.Build.0 = Debug|Any CPU
		{D98794E5-22ED-4532-A48A-BB98CA3117CF}.Debug|x64.ActiveCfg = Debug|Any CPU
		{D98794E5-22ED-4532-A48A-BB98CA3117CF}.Debug|x64.Build.0 = Debug|Any CPU
		{D98794E5-22ED-4532-A48A-BB98CA3117CF}.Debug|x86.ActiveCfg = Debug|Any CPU
		{D98794E5-22ED-4532-A48A-BB98CA3117CF}.Debug|x86.Build.0 = Debug|Any CPU
		{D98794E5-22ED-4532-A48A-BB98CA3117CF}.Release|Any CPU.ActiveCfg = Release|Any CPU
		{D98794E5-22ED-4532-A48A-BB98CA3117CF}.Release|Any CPU.Build.0 = Release|Any CPU
		{D98794E5-22ED-4532-A48A-BB98CA3117CF}.Release|ARM.ActiveCfg = Release|Any CPU
		{D98794E5-22ED-4532-A48A-BB98CA3117CF}.Release|ARM.Build.0 = Release|Any CPU
		{D98794E5-22ED-4532-A48A-BB98CA3117CF}.Release|ARM64.ActiveCfg = Release|Any CPU
		{D98794E5-22ED-4532-A48A-BB98CA3117CF}.Release|ARM64.Build.0 = Release|Any CPU
		{D98794E5-22ED-4532-A48A-BB98CA3117CF}.Release|x64.ActiveCfg = Release|Any CPU
		{D98794E5-22ED-4532-A48A-BB98CA3117CF}.Release|x64.Build.0 = Release|Any CPU
		{D98794E5-22ED-4532-A48A-BB98CA3117CF}.Release|x86.ActiveCfg = Release|Any CPU
		{D98794E5-22ED-4532-A48A-BB98CA3117CF}.Release|x86.Build.0 = Release|Any CPU
		{DE8F27FB-CD77-4AD0-B555-55C9429AC891}.Debug|Any CPU.ActiveCfg = Debug|x64
		{DE8F27FB-CD77-4AD0-B555-55C9429AC891}.Debug|Any CPU.Build.0 = Debug|x64
		{DE8F27FB-CD77-4AD0-B555-55C9429AC891}.Debug|Any CPU.Deploy.0 = Debug|x64
		{DE8F27FB-CD77-4AD0-B555-55C9429AC891}.Debug|ARM.ActiveCfg = Debug|ARM
		{DE8F27FB-CD77-4AD0-B555-55C9429AC891}.Debug|ARM.Build.0 = Debug|ARM
		{DE8F27FB-CD77-4AD0-B555-55C9429AC891}.Debug|ARM.Deploy.0 = Debug|ARM
		{DE8F27FB-CD77-4AD0-B555-55C9429AC891}.Debug|ARM64.ActiveCfg = Debug|ARM64
		{DE8F27FB-CD77-4AD0-B555-55C9429AC891}.Debug|ARM64.Build.0 = Debug|ARM64
		{DE8F27FB-CD77-4AD0-B555-55C9429AC891}.Debug|ARM64.Deploy.0 = Debug|ARM64
		{DE8F27FB-CD77-4AD0-B555-55C9429AC891}.Debug|x64.ActiveCfg = Debug|x64
		{DE8F27FB-CD77-4AD0-B555-55C9429AC891}.Debug|x64.Build.0 = Debug|x64
		{DE8F27FB-CD77-4AD0-B555-55C9429AC891}.Debug|x64.Deploy.0 = Debug|x64
		{DE8F27FB-CD77-4AD0-B555-55C9429AC891}.Debug|x86.ActiveCfg = Debug|x86
		{DE8F27FB-CD77-4AD0-B555-55C9429AC891}.Debug|x86.Build.0 = Debug|x86
		{DE8F27FB-CD77-4AD0-B555-55C9429AC891}.Debug|x86.Deploy.0 = Debug|x86
		{DE8F27FB-CD77-4AD0-B555-55C9429AC891}.Release|Any CPU.ActiveCfg = Release|x64
		{DE8F27FB-CD77-4AD0-B555-55C9429AC891}.Release|Any CPU.Build.0 = Release|x64
		{DE8F27FB-CD77-4AD0-B555-55C9429AC891}.Release|Any CPU.Deploy.0 = Release|x64
		{DE8F27FB-CD77-4AD0-B555-55C9429AC891}.Release|ARM.ActiveCfg = Release|ARM
		{DE8F27FB-CD77-4AD0-B555-55C9429AC891}.Release|ARM.Build.0 = Release|ARM
		{DE8F27FB-CD77-4AD0-B555-55C9429AC891}.Release|ARM.Deploy.0 = Release|ARM
		{DE8F27FB-CD77-4AD0-B555-55C9429AC891}.Release|ARM64.ActiveCfg = Release|ARM64
		{DE8F27FB-CD77-4AD0-B555-55C9429AC891}.Release|ARM64.Build.0 = Release|ARM64
		{DE8F27FB-CD77-4AD0-B555-55C9429AC891}.Release|ARM64.Deploy.0 = Release|ARM64
		{DE8F27FB-CD77-4AD0-B555-55C9429AC891}.Release|x64.ActiveCfg = Release|x64
		{DE8F27FB-CD77-4AD0-B555-55C9429AC891}.Release|x64.Build.0 = Release|x64
		{DE8F27FB-CD77-4AD0-B555-55C9429AC891}.Release|x64.Deploy.0 = Release|x64
		{DE8F27FB-CD77-4AD0-B555-55C9429AC891}.Release|x86.ActiveCfg = Release|x86
		{DE8F27FB-CD77-4AD0-B555-55C9429AC891}.Release|x86.Build.0 = Release|x86
		{DE8F27FB-CD77-4AD0-B555-55C9429AC891}.Release|x86.Deploy.0 = Release|x86
	EndGlobalSection
	GlobalSection(SolutionProperties) = preSolution
		HideSolutionNode = FALSE
	EndGlobalSection
	GlobalSection(ExtensibilityGlobals) = postSolution
		SolutionGuid = {0F6C08D2-49C8-443A-B0E8-283A42546B40}
	EndGlobalSection
EndGlobal
